// !$*UTF8*$!
{
	archiveVersion = 1;
	classes = {
	};
	objectVersion = 46;
	objects = {

/* Begin PBXBuildFile section */
		4EE17A5D1E705067003C5B63 /* AppDelegate.swift in Sources */ = {isa = PBXBuildFile; fileRef = 4EE17A5C1E705067003C5B63 /* AppDelegate.swift */; };
		4EE17A5F1E705067003C5B63 /* ViewController.swift in Sources */ = {isa = PBXBuildFile; fileRef = 4EE17A5E1E705067003C5B63 /* ViewController.swift */; };
		4EE17A621E705067003C5B63 /* Main.storyboard in Resources */ = {isa = PBXBuildFile; fileRef = 4EE17A601E705067003C5B63 /* Main.storyboard */; };
		4EE17A651E705067003C5B63 /* GymTimerVero.xcdatamodeld in Sources */ = {isa = PBXBuildFile; fileRef = 4EE17A631E705067003C5B63 /* GymTimerVero.xcdatamodeld */; };
		4EE17A671E705067003C5B63 /* Assets.xcassets in Resources */ = {isa = PBXBuildFile; fileRef = 4EE17A661E705067003C5B63 /* Assets.xcassets */; };
		4EE17A6A1E705067003C5B63 /* LaunchScreen.storyboard in Resources */ = {isa = PBXBuildFile; fileRef = 4EE17A681E705067003C5B63 /* LaunchScreen.storyboard */; };
/* End PBXBuildFile section */

/* Begin PBXFileReference section */
		4EE17A591E705067003C5B63 /* GymTimerVero.app */ = {isa = PBXFileReference; explicitFileType = wrapper.application; includeInIndex = 0; path = GymTimerVero.app; sourceTree = BUILT_PRODUCTS_DIR; };
		4EE17A5C1E705067003C5B63 /* AppDelegate.swift */ = {isa = PBXFileReference; lastKnownFileType = sourcecode.swift; path = AppDelegate.swift; sourceTree = "<group>"; };
		4EE17A5E1E705067003C5B63 /* ViewController.swift */ = {isa = PBXFileReference; lastKnownFileType = sourcecode.swift; path = ViewController.swift; sourceTree = "<group>"; };
		4EE17A611E705067003C5B63 /* Base */ = {isa = PBXFileReference; lastKnownFileType = file.storyboard; name = Base; path = Base.lproj/Main.storyboard; sourceTree = "<group>"; };
		4EE17A641E705067003C5B63 /* GymTimerVero.xcdatamodel */ = {isa = PBXFileReference; lastKnownFileType = wrapper.xcdatamodel; path = GymTimerVero.xcdatamodel; sourceTree = "<group>"; };
		4EE17A661E705067003C5B63 /* Assets.xcassets */ = {isa = PBXFileReference; lastKnownFileType = folder.assetcatalog; path = Assets.xcassets; sourceTree = "<group>"; };
		4EE17A691E705067003C5B63 /* Base */ = {isa = PBXFileReference; lastKnownFileType = file.storyboard; name = Base; path = Base.lproj/LaunchScreen.storyboard; sourceTree = "<group>"; };
		4EE17A6B1E705067003C5B63 /* Info.plist */ = {isa = PBXFileReference; lastKnownFileType = text.plist.xml; path = Info.plist; sourceTree = "<group>"; };
/* End PBXFileReference section */

/* Begin PBXFrameworksBuildPhase section */
		4EE17A561E705067003C5B63 /* Frameworks */ = {
			isa = PBXFrameworksBuildPhase;
			buildActionMask = 2147483647;
			files = (
			);
			runOnlyForDeploymentPostprocessing = 0;
		};
/* End PBXFrameworksBuildPhase section */

/* Begin PBXGroup section */
		4EE17A501E705067003C5B63 = {
			isa = PBXGroup;
			children = (
				4EE17A5B1E705067003C5B63 /* GymTimerVero */,
				4EE17A5A1E705067003C5B63 /* Products */,
			);
			sourceTree = "<group>";
		};
		4EE17A5A1E705067003C5B63 /* Products */ = {
			isa = PBXGroup;
			children = (
				4EE17A591E705067003C5B63 /* GymTimerVero.app */,
			);
			name = Products;
			sourceTree = "<group>";
		};
		4EE17A5B1E705067003C5B63 /* GymTimerVero */ = {
			isa = PBXGroup;
			children = (
				4EE17A5C1E705067003C5B63 /* AppDelegate.swift */,
				4EE17A5E1E705067003C5B63 /* ViewController.swift */,
				4EE17A601E705067003C5B63 /* Main.storyboard */,
				4EE17A661E705067003C5B63 /* Assets.xcassets */,
				4EE17A681E705067003C5B63 /* LaunchScreen.storyboard */,
				4EE17A6B1E705067003C5B63 /* Info.plist */,
				4EE17A631E705067003C5B63 /* GymTimerVero.xcdatamodeld */,
			);
			path = GymTimerVero;
			sourceTree = "<group>";
		};
/* End PBXGroup section */

/* Begin PBXNativeTarget section */
		4EE17A581E705067003C5B63 /* GymTimerVero */ = {
			isa = PBXNativeTarget;
			buildConfigurationList = 4EE17A6E1E705067003C5B63 /* Build configuration list for PBXNativeTarget "GymTimerVero" */;
			buildPhases = (
				4EE17A551E705067003C5B63 /* Sources */,
				4EE17A561E705067003C5B63 /* Frameworks */,
				4EE17A571E705067003C5B63 /* Resources */,
			);
			buildRules = (
			);
			dependencies = (
			);
			name = GymTimerVero;
			productName = GymTimerVero;
			productReference = 4EE17A591E705067003C5B63 /* GymTimerVero.app */;
			productType = "com.apple.product-type.application";
		};
/* End PBXNativeTarget section */

/* Begin PBXProject section */
		4EE17A511E705067003C5B63 /* Project object */ = {
			isa = PBXProject;
			attributes = {
				LastSwiftUpdateCheck = 0820;
				LastUpgradeCheck = 0820;
				ORGANIZATIONNAME = "Giulio Tavella";
				TargetAttributes = {
					4EE17A581E705067003C5B63 = {
						CreatedOnToolsVersion = 8.2.1;
						ProvisioningStyle = Automatic;
					};
				};
			};
			buildConfigurationList = 4EE17A541E705067003C5B63 /* Build configuration list for PBXProject "GymTimerVero" */;
			compatibilityVersion = "Xcode 3.2";
			developmentRegion = English;
			hasScannedForEncodings = 0;
			knownRegions = (
				en,
				Base,
			);
			mainGroup = 4EE17A501E705067003C5B63;
			productRefGroup = 4EE17A5A1E705067003C5B63 /* Products */;
			projectDirPath = "";
			projectRoot = "";
			targets = (
				4EE17A581E705067003C5B63 /* GymTimerVero */,
			);
		};
/* End PBXProject section */

/* Begin PBXResourcesBuildPhase section */
		4EE17A571E705067003C5B63 /* Resources */ = {
			isa = PBXResourcesBuildPhase;
			buildActionMask = 2147483647;
			files = (
				4EE17A6A1E705067003C5B63 /* LaunchScreen.storyboard in Resources */,
				4EE17A671E705067003C5B63 /* Assets.xcassets in Resources */,
				4EE17A621E705067003C5B63 /* Main.storyboard in Resources */,
			);
			runOnlyForDeploymentPostprocessing = 0;
		};
/* End PBXResourcesBuildPhase section */

/* Begin PBXSourcesBuildPhase section */
		4EE17A551E705067003C5B63 /* Sources */ = {
			isa = PBXSourcesBuildPhase;
			buildActionMask = 2147483647;
			files = (
				4EE17A5F1E705067003C5B63 /* ViewController.swift in Sources */,
				4EE17A5D1E705067003C5B63 /* AppDelegate.swift in Sources */,
				4EE17A651E705067003C5B63 /* GymTimerVero.xcdatamodeld in Sources */,
			);
			runOnlyForDeploymentPostprocessing = 0;
		};
/* End PBXSourcesBuildPhase section */

/* Begin PBXVariantGroup section */
		4EE17A601E705067003C5B63 /* Main.storyboard */ = {
			isa = PBXVariantGroup;
			children = (
				4EE17A611E705067003C5B63 /* Base */,
			);
			name = Main.storyboard;
			sourceTree = "<group>";
		};
		4EE17A681E705067003C5B63 /* LaunchScreen.storyboard */ = {
			isa = PBXVariantGroup;
			children = (
				4EE17A691E705067003C5B63 /* Base */,
			);
			name = LaunchScreen.storyboard;
			sourceTree = "<group>";
		};
/* End PBXVariantGroup section */

/* Begin XCBuildConfiguration section */
		4EE17A6C1E705067003C5B63 /* Debug */ = {
			isa = XCBuildConfiguration;
			buildSettings = {
				ALWAYS_SEARCH_USER_PATHS = NO;
				CLANG_ANALYZER_NONNULL = YES;
				CLANG_CXX_LANGUAGE_STANDARD = "gnu++0x";
				CLANG_CXX_LIBRARY = "libc++";
				CLANG_ENABLE_MODULES = YES;
				CLANG_ENABLE_OBJC_ARC = YES;
				CLANG_WARN_BOOL_CONVERSION = YES;
				CLANG_WARN_CONSTANT_CONVERSION = YES;
				CLANG_WARN_DIRECT_OBJC_ISA_USAGE = YES_ERROR;
				CLANG_WARN_DOCUMENTATION_COMMENTS = YES;
				CLANG_WARN_EMPTY_BODY = YES;
				CLANG_WARN_ENUM_CONVERSION = YES;
				CLANG_WARN_INFINITE_RECURSION = YES;
				CLANG_WARN_INT_CONVERSION = YES;
				CLANG_WARN_OBJC_ROOT_CLASS = YES_ERROR;
				CLANG_WARN_SUSPICIOUS_MOVE = YES;
				CLANG_WARN_UNREACHABLE_CODE = YES;
				CLANG_WARN__DUPLICATE_METHOD_MATCH = YES;
				"CODE_SIGN_IDENTITY[sdk=iphoneos*]" = "iPhone Developer";
				COPY_PHASE_STRIP = NO;
				DEBUG_INFORMATION_FORMAT = dwarf;
				ENABLE_STRICT_OBJC_MSGSEND = YES;
				ENABLE_TESTABILITY = YES;
				GCC_C_LANGUAGE_STANDARD = gnu99;
				GCC_DYNAMIC_NO_PIC = NO;
				GCC_NO_COMMON_BLOCKS = YES;
				GCC_OPTIMIZATION_LEVEL = 0;
				GCC_PREPROCESSOR_DEFINITIONS = (
					"DEBUG=1",
					"$(inherited)",
				);
				GCC_WARN_64_TO_32_BIT_CONVERSION = YES;
				GCC_WARN_ABOUT_RETURN_TYPE = YES_ERROR;
				GCC_WARN_UNDECLARED_SELECTOR = YES;
				GCC_WARN_UNINITIALIZED_AUTOS = YES_AGGRESSIVE;
				GCC_WARN_UNUSED_FUNCTION = YES;
				GCC_WARN_UNUSED_VARIABLE = YES;
				IPHONEOS_DEPLOYMENT_TARGET = 10.2;
				MTL_ENABLE_DEBUG_INFO = YES;
				ONLY_ACTIVE_ARCH = YES;
				SDKROOT = iphoneos;
				SWIFT_ACTIVE_COMPILATION_CONDITIONS = DEBUG;
				SWIFT_OPTIMIZATION_LEVEL = "-Onone";
				TARGETED_DEVICE_FAMILY = "1,2";
			};
			name = Debug;
		};
		4EE17A6D1E705067003C5B63 /* Release */ = {
			isa = XCBuildConfiguration;
			buildSettings = {
				ALWAYS_SEARCH_USER_PATHS = NO;
				CLANG_ANALYZER_NONNULL = YES;
				CLANG_CXX_LANGUAGE_STANDARD = "gnu++0x";
				CLANG_CXX_LIBRARY = "libc++";
				CLANG_ENABLE_MODULES = YES;
				CLANG_ENABLE_OBJC_ARC = YES;
				CLANG_WARN_BOOL_CONVERSION = YES;
				CLANG_WARN_CONSTANT_CONVERSION = YES;
				CLANG_WARN_DIRECT_OBJC_ISA_USAGE = YES_ERROR;
				CLANG_WARN_DOCUMENTATION_COMMENTS = YES;
				CLANG_WARN_EMPTY_BODY = YES;
				CLANG_WARN_ENUM_CONVERSION = YES;
				CLANG_WARN_INFINITE_RECURSION = YES;
				CLANG_WARN_INT_CONVERSION = YES;
				CLANG_WARN_OBJC_ROOT_CLASS = YES_ERROR;
				CLANG_WARN_SUSPICIOUS_MOVE = YES;
				CLANG_WARN_UNREACHABLE_CODE = YES;
				CLANG_WARN__DUPLICATE_METHOD_MATCH = YES;
				"CODE_SIGN_IDENTITY[sdk=iphoneos*]" = "iPhone Developer";
				COPY_PHASE_STRIP = NO;
				DEBUG_INFORMATION_FORMAT = "dwarf-with-dsym";
				ENABLE_NS_ASSERTIONS = NO;
				ENABLE_STRICT_OBJC_MSGSEND = YES;
				GCC_C_LANGUAGE_STANDARD = gnu99;
				GCC_NO_COMMON_BLOCKS = YES;
				GCC_WARN_64_TO_32_BIT_CONVERSION = YES;
				GCC_WARN_ABOUT_RETURN_TYPE = YES_ERROR;
				GCC_WARN_UNDECLARED_SELECTOR = YES;
				GCC_WARN_UNINITIALIZED_AUTOS = YES_AGGRESSIVE;
				GCC_WARN_UNUSED_FUNCTION = YES;
				GCC_WARN_UNUSED_VARIABLE = YES;
				IPHONEOS_DEPLOYMENT_TARGET = 10.2;
				MTL_ENABLE_DEBUG_INFO = NO;
				SDKROOT = iphoneos;
				SWIFT_OPTIMIZATION_LEVEL = "-Owholemodule";
				TARGETED_DEVICE_FAMILY = "1,2";
				VALIDATE_PRODUCT = YES;
			};
			name = Release;
		};
		4EE17A6F1E705067003C5B63 /* Debug */ = {
			isa = XCBuildConfiguration;
			buildSettings = {
				ASSETCATALOG_COMPILER_APPICON_NAME = AppIcon;
				INFOPLIST_FILE = GymTimerVero/Info.plist;
				LD_RUNPATH_SEARCH_PATHS = "$(inherited) @executable_path/Frameworks";
				PRODUCT_BUNDLE_IDENTIFIER = com.giuliotavella.GymTimerVero;
				PRODUCT_NAME = "$(TARGET_NAME)";
				SWIFT_VERSION = 3.0;
			};
			name = Debug;
		};
		4EE17A701E705067003C5B63 /* Release */ = {
			isa = XCBuildConfiguration;
			buildSettings = {
				ASSETCATALOG_COMPILER_APPICON_NAME = AppIcon;
				INFOPLIST_FILE = GymTimerVero/Info.plist;
				LD_RUNPATH_SEARCH_PATHS = "$(inherited) @executable_path/Frameworks";
				PRODUCT_BUNDLE_IDENTIFIER = com.giuliotavella.GymTimerVero;
				PRODUCT_NAME = "$(TARGET_NAME)";
				SWIFT_VERSION = 3.0;
			};
			name = Release;
		};
/* End XCBuildConfiguration section */

/* Begin XCConfigurationList section */
		4EE17A541E705067003C5B63 /* Build configuration list for PBXProject "GymTimerVero" */ = {
			isa = XCConfigurationList;
			buildConfigurations = (
				4EE17A6C1E705067003C5B63 /* Debug */,
				4EE17A6D1E705067003C5B63 /* Release */,
			);
			defaultConfigurationIsVisible = 0;
			defaultConfigurationName = Release;
		};
		4EE17A6E1E705067003C5B63 /* Build configuration list for PBXNativeTarget "GymTimerVero" */ = {
			isa = XCConfigurationList;
			buildConfigurations = (
				4EE17A6F1E705067003C5B63 /* Debug */,
				4EE17A701E705067003C5B63 /* Release */,
			);
			defaultConfigurationIsVisible = 0;
		};
/* End XCConfigurationList section */

/* Begin XCVersionGroup section */
		4EE17A631E705067003C5B63 /* GymTimerVero.xcdatamodeld */ = {
			isa = XCVersionGroup;
			children = (
				4EE17A641E705067003C5B63 /* GymTimerVero.xcdatamodel */,
			);
			currentVersion = 4EE17A641E705067003C5B63 /* GymTimerVero.xcdatamodel */;
			path = GymTimerVero.xcdatamodeld;
			sourceTree = "<group>";
			versionGroupType = wrapper.xcdatamodel;
		};
/* End XCVersionGroup section */
	};
	rootObject = 4EE17A511E705067003C5B63 /* Project object */;
}
